{
  "originHash" : "b4c5a10826d880644fd619335495125b81837a6a97a013a4a08f78ecc1041241",
  "pins" : [
    {
      "identity" : "grdb.swift",
      "kind" : "remoteSourceControl",
      "location" : "https://github.com/groue/GRDB.swift.git",
      "state" : {
        "branch" : "master",
        "revision" : "77b85bed259b7f107710a0b78c439b1c5839dc45"
      }
    },
    {
      "identity" : "simplekeyboard",
      "kind" : "remoteSourceControl",
      "location" : "https://github.com/thisIsTheFoxe/SimpleKeyboard",
      "state" : {
        "revision" : "4e9055a4a29c697cec0441e6a828458caeaabef8",
        "version" : "0.4.0"
      }
    }
  ],
  "version" : 3
}
