// !$*UTF8*$!
{
	archiveVersion = 1;
	classes = {
	};
	objectVersion = 60;
	objects = {

/* Begin PBXBuildFile section */
		AB16E3462BCAC4020019D04E /* SimpleKeyboard in Frameworks */ = {isa = PBXBuildFile; productRef = AB16E3452BCAC4020019D04E /* SimpleKeyboard */; };
		AB24876E2BCA0E8E005A812C /* Luckey202404App.swift in Sources */ = {isa = PBXBuildFile; fileRef = AB24876D2BCA0E8E005A812C /* Luckey202404App.swift */; };
		AB2487702BCA0E8E005A812C /* ContentView.swift in Sources */ = {isa = PBXBuildFile; fileRef = AB24876F2BCA0E8E005A812C /* ContentView.swift */; };
		AB2487722BCA0E8F005A812C /* Assets.xcassets in Resources */ = {isa = PBXBuildFile; fileRef = AB2487712BCA0E8F005A812C /* Assets.xcassets */; };
		AB2487752BCA0E8F005A812C /* Preview Assets.xcassets in Resources */ = {isa = PBXBuildFile; fileRef = AB2487742BCA0E8F005A812C /* Preview Assets.xcassets */; };
		AB24877F2BCA0E8F005A812C /* Luckey202404Tests.swift in Sources */ = {isa = PBXBuildFile; fileRef = AB24877E2BCA0E8F005A812C /* Luckey202404Tests.swift */; };
		AB2487892BCA0E8F005A812C /* Luckey202404UITests.swift in Sources */ = {isa = PBXBuildFile; fileRef = AB2487882BCA0E8F005A812C /* Luckey202404UITests.swift */; };
		AB24878B2BCA0E8F005A812C /* Luckey202404UITestsLaunchTests.swift in Sources */ = {isa = PBXBuildFile; fileRef = AB24878A2BCA0E8F005A812C /* Luckey202404UITestsLaunchTests.swift */; };
		AB24879E2BCA0F09005A812C /* KeyboardViewController.swift in Sources */ = {isa = PBXBuildFile; fileRef = AB24879D2BCA0F09005A812C /* KeyboardViewController.swift */; };
		AB2487A22BCA0F09005A812C /* Luckey.appex in Embed Foundation Extensions */ = {isa = PBXBuildFile; fileRef = AB24879B2BCA0F09005A812C /* Luckey.appex */; settings = {ATTRIBUTES = (RemoveHeadersOnCopy, ); }; };
		AB2487AB2BCA1B64005A812C /* KeyboardView.swift in Sources */ = {isa = PBXBuildFile; fileRef = AB2487AA2BCA1B64005A812C /* KeyboardView.swift */; };
		AB2487AE2BCAA53E005A812C /* GRDB in Frameworks */ = {isa = PBXBuildFile; productRef = AB2487AD2BCAA53E005A812C /* GRDB */; };
		AB2487B12BCAA6E1005A812C /* english.sqlite3 in Resources */ = {isa = PBXBuildFile; fileRef = AB2487AF2BCAA6E1005A812C /* english.sqlite3 */; };
		AB2487B22BCAA6E1005A812C /* pinyin_data.sqlite3 in Resources */ = {isa = PBXBuildFile; fileRef = AB2487B02BCAA6E1005A812C /* pinyin_data.sqlite3 */; };
		AB2487B42BCAA706005A812C /* ImeService.swift in Sources */ = {isa = PBXBuildFile; fileRef = AB2487B32BCAA706005A812C /* ImeService.swift */; };
/* End PBXBuildFile section */

/* Begin PBXContainerItemProxy section */
		AB24877B2BCA0E8F005A812C /* PBXContainerItemProxy */ = {
			isa = PBXContainerItemProxy;
			containerPortal = AB2487622BCA0E8E005A812C /* Project object */;
			proxyType = 1;
			remoteGlobalIDString = AB2487692BCA0E8E005A812C;
			remoteInfo = Luckey202404;
		};
		AB2487852BCA0E8F005A812C /* PBXContainerItemProxy */ = {
			isa = PBXContainerItemProxy;
			containerPortal = AB2487622BCA0E8E005A812C /* Project object */;
			proxyType = 1;
			remoteGlobalIDString = AB2487692BCA0E8E005A812C;
			remoteInfo = Luckey202404;
		};
		AB2487A02BCA0F09005A812C /* PBXContainerItemProxy */ = {
			isa = PBXContainerItemProxy;
			containerPortal = AB2487622BCA0E8E005A812C /* Project object */;
			proxyType = 1;
			remoteGlobalIDString = AB24879A2BCA0F09005A812C;
			remoteInfo = Luckey;
		};
/* End PBXContainerItemProxy section */

/* Begin PBXCopyFilesBuildPhase section */
		AB2487A62BCA0F09005A812C /* Embed Foundation Extensions */ = {
			isa = PBXCopyFilesBuildPhase;
			buildActionMask = 2147483647;
			dstPath = "";
			dstSubfolderSpec = 13;
			files = (
				AB2487A22BCA0F09005A812C /* Luckey.appex in Embed Foundation Extensions */,
			);
			name = "Embed Foundation Extensions";
			runOnlyForDeploymentPostprocessing = 0;
		};
/* End PBXCopyFilesBuildPhase section */

/* Begin PBXFileReference section */
		AB24876A2BCA0E8E005A812C /* Luckey202404.app */ = {isa = PBXFileReference; explicitFileType = wrapper.application; includeInIndex = 0; path = Luckey202404.app; sourceTree = BUILT_PRODUCTS_DIR; };
		AB24876D2BCA0E8E005A812C /* Luckey202404App.swift */ = {isa = PBXFileReference; lastKnownFileType = sourcecode.swift; path = Luckey202404App.swift; sourceTree = "<group>"; };
		AB24876F2BCA0E8E005A812C /* ContentView.swift */ = {isa = PBXFileReference; lastKnownFileType = sourcecode.swift; path = ContentView.swift; sourceTree = "<group>"; };
		AB2487712BCA0E8F005A812C /* Assets.xcassets */ = {isa = PBXFileReference; lastKnownFileType = folder.assetcatalog; path = Assets.xcassets; sourceTree = "<group>"; };
		AB2487742BCA0E8F005A812C /* Preview Assets.xcassets */ = {isa = PBXFileReference; lastKnownFileType = folder.assetcatalog; path = "Preview Assets.xcassets"; sourceTree = "<group>"; };
		AB24877A2BCA0E8F005A812C /* Luckey202404Tests.xctest */ = {isa = PBXFileReference; explicitFileType = wrapper.cfbundle; includeInIndex = 0; path = Luckey202404Tests.xctest; sourceTree = BUILT_PRODUCTS_DIR; };
		AB24877E2BCA0E8F005A812C /* Luckey202404Tests.swift */ = {isa = PBXFileReference; lastKnownFileType = sourcecode.swift; path = Luckey202404Tests.swift; sourceTree = "<group>"; };
		AB2487842BCA0E8F005A812C /* Luckey202404UITests.xctest */ = {isa = PBXFileReference; explicitFileType = wrapper.cfbundle; includeInIndex = 0; path = Luckey202404UITests.xctest; sourceTree = BUILT_PRODUCTS_DIR; };
		AB2487882BCA0E8F005A812C /* Luckey202404UITests.swift */ = {isa = PBXFileReference; lastKnownFileType = sourcecode.swift; path = Luckey202404UITests.swift; sourceTree = "<group>"; };
		AB24878A2BCA0E8F005A812C /* Luckey202404UITestsLaunchTests.swift */ = {isa = PBXFileReference; lastKnownFileType = sourcecode.swift; path = Luckey202404UITestsLaunchTests.swift; sourceTree = "<group>"; };
		AB24879B2BCA0F09005A812C /* Luckey.appex */ = {isa = PBXFileReference; explicitFileType = "wrapper.app-extension"; includeInIndex = 0; path = Luckey.appex; sourceTree = BUILT_PRODUCTS_DIR; };
		AB24879D2BCA0F09005A812C /* KeyboardViewController.swift */ = {isa = PBXFileReference; lastKnownFileType = sourcecode.swift; path = KeyboardViewController.swift; sourceTree = "<group>"; };
		AB24879F2BCA0F09005A812C /* Info.plist */ = {isa = PBXFileReference; lastKnownFileType = text.plist.xml; path = Info.plist; sourceTree = "<group>"; };
		AB2487AA2BCA1B64005A812C /* KeyboardView.swift */ = {isa = PBXFileReference; lastKnownFileType = sourcecode.swift; path = KeyboardView.swift; sourceTree = "<group>"; };
		AB2487AF2BCAA6E1005A812C /* english.sqlite3 */ = {isa = PBXFileReference; lastKnownFileType = file; name = english.sqlite3; path = sqlite/english.sqlite3; sourceTree = "<group>"; };
		AB2487B02BCAA6E1005A812C /* pinyin_data.sqlite3 */ = {isa = PBXFileReference; lastKnownFileType = file; name = pinyin_data.sqlite3; path = sqlite/pinyin_data.sqlite3; sourceTree = "<group>"; };
		AB2487B32BCAA706005A812C /* ImeService.swift */ = {isa = PBXFileReference; lastKnownFileType = sourcecode.swift; path = ImeService.swift; sourceTree = "<group>"; };
/* End PBXFileReference section */

/* Begin PBXFrameworksBuildPhase section */
		AB2487672BCA0E8E005A812C /* Frameworks */ = {
			isa = PBXFrameworksBuildPhase;
			buildActionMask = 2147483647;
			files = (
			);
			runOnlyForDeploymentPostprocessing = 0;
		};
		AB2487772BCA0E8F005A812C /* Frameworks */ = {
			isa = PBXFrameworksBuildPhase;
			buildActionMask = 2147483647;
			files = (
			);
			runOnlyForDeploymentPostprocessing = 0;
		};
		AB2487812BCA0E8F005A812C /* Frameworks */ = {
			isa = PBXFrameworksBuildPhase;
			buildActionMask = 2147483647;
			files = (
			);
			runOnlyForDeploymentPostprocessing = 0;
		};
		AB2487982BCA0F09005A812C /* Frameworks */ = {
			isa = PBXFrameworksBuildPhase;
			buildActionMask = 2147483647;
			files = (
				AB2487AE2BCAA53E005A812C /* GRDB in Frameworks */,
				AB16E3462BCAC4020019D04E /* SimpleKeyboard in Frameworks */,
			);
			runOnlyForDeploymentPostprocessing = 0;
		};
/* End PBXFrameworksBuildPhase section */

/* Begin PBXGroup section */
		AB2487612BCA0E8E005A812C = {
			isa = PBXGroup;
			children = (
				AB24876C2BCA0E8E005A812C /* Luckey202404 */,
				AB24877D2BCA0E8F005A812C /* Luckey202404Tests */,
				AB2487872BCA0E8F005A812C /* Luckey202404UITests */,
				AB24879C2BCA0F09005A812C /* Luckey */,
				AB24876B2BCA0E8E005A812C /* Products */,
			);
			sourceTree = "<group>";
		};
		AB24876B2BCA0E8E005A812C /* Products */ = {
			isa = PBXGroup;
			children = (
				AB24876A2BCA0E8E005A812C /* Luckey202404.app */,
				AB24877A2BCA0E8F005A812C /* Luckey202404Tests.xctest */,
				AB2487842BCA0E8F005A812C /* Luckey202404UITests.xctest */,
				AB24879B2BCA0F09005A812C /* Luckey.appex */,
			);
			name = Products;
			sourceTree = "<group>";
		};
		AB24876C2BCA0E8E005A812C /* Luckey202404 */ = {
			isa = PBXGroup;
			children = (
				AB24876D2BCA0E8E005A812C /* Luckey202404App.swift */,
				AB24876F2BCA0E8E005A812C /* ContentView.swift */,
				AB2487712BCA0E8F005A812C /* Assets.xcassets */,
				AB2487732BCA0E8F005A812C /* Preview Content */,
			);
			path = Luckey202404;
			sourceTree = "<group>";
		};
		AB2487732BCA0E8F005A812C /* Preview Content */ = {
			isa = PBXGroup;
			children = (
				AB2487742BCA0E8F005A812C /* Preview Assets.xcassets */,
			);
			path = "Preview Content";
			sourceTree = "<group>";
		};
		AB24877D2BCA0E8F005A812C /* Luckey202404Tests */ = {
			isa = PBXGroup;
			children = (
				AB24877E2BCA0E8F005A812C /* Luckey202404Tests.swift */,
			);
			path = Luckey202404Tests;
			sourceTree = "<group>";
		};
		AB2487872BCA0E8F005A812C /* Luckey202404UITests */ = {
			isa = PBXGroup;
			children = (
				AB2487882BCA0E8F005A812C /* Luckey202404UITests.swift */,
				AB24878A2BCA0E8F005A812C /* Luckey202404UITestsLaunchTests.swift */,
			);
			path = Luckey202404UITests;
			sourceTree = "<group>";
		};
		AB24879C2BCA0F09005A812C /* Luckey */ = {
			isa = PBXGroup;
			children = (
				AB2487AF2BCAA6E1005A812C /* english.sqlite3 */,
				AB2487B02BCAA6E1005A812C /* pinyin_data.sqlite3 */,
				AB24879F2BCA0F09005A812C /* Info.plist */,
				AB24879D2BCA0F09005A812C /* KeyboardViewController.swift */,
				AB2487AA2BCA1B64005A812C /* KeyboardView.swift */,
				AB2487B32BCAA706005A812C /* ImeService.swift */,
			);
			path = Luckey;
			sourceTree = "<group>";
		};
/* End PBXGroup section */

/* Begin PBXNativeTarget section */
		AB2487692BCA0E8E005A812C /* Luckey202404 */ = {
			isa = PBXNativeTarget;
			buildConfigurationList = AB24878E2BCA0E8F005A812C /* Build configuration list for PBXNativeTarget "Luckey202404" */;
			buildPhases = (
				AB2487662BCA0E8E005A812C /* Sources */,
				AB2487672BCA0E8E005A812C /* Frameworks */,
				AB2487682BCA0E8E005A812C /* Resources */,
				AB2487A62BCA0F09005A812C /* Embed Foundation Extensions */,
			);
			buildRules = (
			);
			dependencies = (
				AB2487A12BCA0F09005A812C /* PBXTargetDependency */,
			);
			name = Luckey202404;
			productName = Luckey202404;
			productReference = AB24876A2BCA0E8E005A812C /* Luckey202404.app */;
			productType = "com.apple.product-type.application";
		};
		AB2487792BCA0E8F005A812C /* Luckey202404Tests */ = {
			isa = PBXNativeTarget;
			buildConfigurationList = AB2487912BCA0E8F005A812C /* Build configuration list for PBXNativeTarget "Luckey202404Tests" */;
			buildPhases = (
				AB2487762BCA0E8F005A812C /* Sources */,
				AB2487772BCA0E8F005A812C /* Frameworks */,
				AB2487782BCA0E8F005A812C /* Resources */,
			);
			buildRules = (
			);
			dependencies = (
				AB24877C2BCA0E8F005A812C /* PBXTargetDependency */,
			);
			name = Luckey202404Tests;
			productName = Luckey202404Tests;
			productReference = AB24877A2BCA0E8F005A812C /* Luckey202404Tests.xctest */;
			productType = "com.apple.product-type.bundle.unit-test";
		};
		AB2487832BCA0E8F005A812C /* Luckey202404UITests */ = {
			isa = PBXNativeTarget;
			buildConfigurationList = AB2487942BCA0E8F005A812C /* Build configuration list for PBXNativeTarget "Luckey202404UITests" */;
			buildPhases = (
				AB2487802BCA0E8F005A812C /* Sources */,
				AB2487812BCA0E8F005A812C /* Frameworks */,
				AB2487822BCA0E8F005A812C /* Resources */,
			);
			buildRules = (
			);
			dependencies = (
				AB2487862BCA0E8F005A812C /* PBXTargetDependency */,
			);
			name = Luckey202404UITests;
			productName = Luckey202404UITests;
			productReference = AB2487842BCA0E8F005A812C /* Luckey202404UITests.xctest */;
			productType = "com.apple.product-type.bundle.ui-testing";
		};
		AB24879A2BCA0F09005A812C /* Luckey */ = {
			isa = PBXNativeTarget;
			buildConfigurationList = AB2487A32BCA0F09005A812C /* Build configuration list for PBXNativeTarget "Luckey" */;
			buildPhases = (
				AB2487972BCA0F09005A812C /* Sources */,
				AB2487982BCA0F09005A812C /* Frameworks */,
				AB2487992BCA0F09005A812C /* Resources */,
			);
			buildRules = (
			);
			dependencies = (
			);
			name = Luckey;
			packageProductDependencies = (
				AB2487AD2BCAA53E005A812C /* GRDB */,
				AB16E3452BCAC4020019D04E /* SimpleKeyboard */,
			);
			productName = Luckey;
			productReference = AB24879B2BCA0F09005A812C /* Luckey.appex */;
			productType = "com.apple.product-type.app-extension";
		};
/* End PBXNativeTarget section */

/* Begin PBXProject section */
		AB2487622BCA0E8E005A812C /* Project object */ = {
			isa = PBXProject;
			attributes = {
				BuildIndependentTargetsInParallel = 1;
				LastSwiftUpdateCheck = 1530;
				LastUpgradeCheck = 1530;
				TargetAttributes = {
					AB2487692BCA0E8E005A812C = {
						CreatedOnToolsVersion = 15.3;
					};
					AB2487792BCA0E8F005A812C = {
						CreatedOnToolsVersion = 15.3;
						TestTargetID = AB2487692BCA0E8E005A812C;
					};
					AB2487832BCA0E8F005A812C = {
						CreatedOnToolsVersion = 15.3;
						TestTargetID = AB2487692BCA0E8E005A812C;
					};
					AB24879A2BCA0F09005A812C = {
						CreatedOnToolsVersion = 15.3;
					};
				};
			};
			buildConfigurationList = AB2487652BCA0E8E005A812C /* Build configuration list for PBXProject "Luckey202404" */;
			compatibilityVersion = "Xcode 14.0";
			developmentRegion = en;
			hasScannedForEncodings = 0;
			knownRegions = (
				en,
				Base,
			);
			mainGroup = AB2487612BCA0E8E005A812C;
			packageReferences = (
				AB2487AC2BCAA53E005A812C /* XCRemoteSwiftPackageReference "GRDB.swift" */,
				AB16E3442BCAC4020019D04E /* XCLocalSwiftPackageReference "SimpleKeyboard" */,
			);
			productRefGroup = AB24876B2BCA0E8E005A812C /* Products */;
			projectDirPath = "";
			projectRoot = "";
			targets = (
				AB2487692BCA0E8E005A812C /* Luckey202404 */,
				AB2487792BCA0E8F005A812C /* Luckey202404Tests */,
				AB2487832BCA0E8F005A812C /* Luckey202404UITests */,
				AB24879A2BCA0F09005A812C /* Luckey */,
			);
		};
/* End PBXProject section */

/* Begin PBXResourcesBuildPhase section */
		AB2487682BCA0E8E005A812C /* Resources */ = {
			isa = PBXResourcesBuildPhase;
			buildActionMask = 2147483647;
			files = (
				AB2487752BCA0E8F005A812C /* Preview Assets.xcassets in Resources */,
				AB2487722BCA0E8F005A812C /* Assets.xcassets in Resources */,
			);
			runOnlyForDeploymentPostprocessing = 0;
		};
		AB2487782BCA0E8F005A812C /* Resources */ = {
			isa = PBXResourcesBuildPhase;
			buildActionMask = 2147483647;
			files = (
			);
			runOnlyForDeploymentPostprocessing = 0;
		};
		AB2487822BCA0E8F005A812C /* Resources */ = {
			isa = PBXResourcesBuildPhase;
			buildActionMask = 2147483647;
			files = (
			);
			runOnlyForDeploymentPostprocessing = 0;
		};
		AB2487992BCA0F09005A812C /* Resources */ = {
			isa = PBXResourcesBuildPhase;
			buildActionMask = 2147483647;
			files = (
				AB2487B22BCAA6E1005A812C /* pinyin_data.sqlite3 in Resources */,
				AB2487B12BCAA6E1005A812C /* english.sqlite3 in Resources */,
			);
			runOnlyForDeploymentPostprocessing = 0;
		};
/* End PBXResourcesBuildPhase section */

/* Begin PBXSourcesBuildPhase section */
		AB2487662BCA0E8E005A812C /* Sources */ = {
			isa = PBXSourcesBuildPhase;
			buildActionMask = 2147483647;
			files = (
				AB2487702BCA0E8E005A812C /* ContentView.swift in Sources */,
				AB24876E2BCA0E8E005A812C /* Luckey202404App.swift in Sources */,
			);
			runOnlyForDeploymentPostprocessing = 0;
		};
		AB2487762BCA0E8F005A812C /* Sources */ = {
			isa = PBXSourcesBuildPhase;
			buildActionMask = 2147483647;
			files = (
				AB24877F2BCA0E8F005A812C /* Luckey202404Tests.swift in Sources */,
			);
			runOnlyForDeploymentPostprocessing = 0;
		};
		AB2487802BCA0E8F005A812C /* Sources */ = {
			isa = PBXSourcesBuildPhase;
			buildActionMask = 2147483647;
			files = (
				AB2487892BCA0E8F005A812C /* Luckey202404UITests.swift in Sources */,
				AB24878B2BCA0E8F005A812C /* Luckey202404UITestsLaunchTests.swift in Sources */,
			);
			runOnlyForDeploymentPostprocessing = 0;
		};
		AB2487972BCA0F09005A812C /* Sources */ = {
			isa = PBXSourcesBuildPhase;
			buildActionMask = 2147483647;
			files = (
				AB24879E2BCA0F09005A812C /* KeyboardViewController.swift in Sources */,
				AB2487AB2BCA1B64005A812C /* KeyboardView.swift in Sources */,
				AB2487B42BCAA706005A812C /* ImeService.swift in Sources */,
			);
			runOnlyForDeploymentPostprocessing = 0;
		};
/* End PBXSourcesBuildPhase section */

/* Begin PBXTargetDependency section */
		AB24877C2BCA0E8F005A812C /* PBXTargetDependency */ = {
			isa = PBXTargetDependency;
			target = AB2487692BCA0E8E005A812C /* Luckey202404 */;
			targetProxy = AB24877B2BCA0E8F005A812C /* PBXContainerItemProxy */;
		};
		AB2487862BCA0E8F005A812C /* PBXTargetDependency */ = {
			isa = PBXTargetDependency;
			target = AB2487692BCA0E8E005A812C /* Luckey202404 */;
			targetProxy = AB2487852BCA0E8F005A812C /* PBXContainerItemProxy */;
		};
		AB2487A12BCA0F09005A812C /* PBXTargetDependency */ = {
			isa = PBXTargetDependency;
			target = AB24879A2BCA0F09005A812C /* Luckey */;
			targetProxy = AB2487A02BCA0F09005A812C /* PBXContainerItemProxy */;
		};
/* End PBXTargetDependency section */

/* Begin XCBuildConfiguration section */
		AB24878C2BCA0E8F005A812C /* Debug */ = {
			isa = XCBuildConfiguration;
			buildSettings = {
				ALWAYS_SEARCH_USER_PATHS = NO;
				ASSETCATALOG_COMPILER_GENERATE_SWIFT_ASSET_SYMBOL_EXTENSIONS = YES;
				CLANG_ANALYZER_NONNULL = YES;
				CLANG_ANALYZER_NUMBER_OBJECT_CONVERSION = YES_AGGRESSIVE;
				CLANG_CXX_LANGUAGE_STANDARD = "gnu++20";
				CLANG_ENABLE_MODULES = YES;
				CLANG_ENABLE_OBJC_ARC = YES;
				CLANG_ENABLE_OBJC_WEAK = YES;
				CLANG_WARN_BLOCK_CAPTURE_AUTORELEASING = YES;
				CLANG_WARN_BOOL_CONVERSION = YES;
				CLANG_WARN_COMMA = YES;
				CLANG_WARN_CONSTANT_CONVERSION = YES;
				CLANG_WARN_DEPRECATED_OBJC_IMPLEMENTATIONS = YES;
				CLANG_WARN_DIRECT_OBJC_ISA_USAGE = YES_ERROR;
				CLANG_WARN_DOCUMENTATION_COMMENTS = YES;
				CLANG_WARN_EMPTY_BODY = YES;
				CLANG_WARN_ENUM_CONVERSION = YES;
				CLANG_WARN_INFINITE_RECURSION = YES;
				CLANG_WARN_INT_CONVERSION = YES;
				CLANG_WARN_NON_LITERAL_NULL_CONVERSION = YES;
				CLANG_WARN_OBJC_IMPLICIT_RETAIN_SELF = YES;
				CLANG_WARN_OBJC_LITERAL_CONVERSION = YES;
				CLANG_WARN_OBJC_ROOT_CLASS = YES_ERROR;
				CLANG_WARN_QUOTED_INCLUDE_IN_FRAMEWORK_HEADER = YES;
				CLANG_WARN_RANGE_LOOP_ANALYSIS = YES;
				CLANG_WARN_STRICT_PROTOTYPES = YES;
				CLANG_WARN_SUSPICIOUS_MOVE = YES;
				CLANG_WARN_UNGUARDED_AVAILABILITY = YES_AGGRESSIVE;
				CLANG_WARN_UNREACHABLE_CODE = YES;
				CLANG_WARN__DUPLICATE_METHOD_MATCH = YES;
				COPY_PHASE_STRIP = NO;
				DEBUG_INFORMATION_FORMAT = dwarf;
				ENABLE_STRICT_OBJC_MSGSEND = YES;
				ENABLE_TESTABILITY = YES;
				ENABLE_USER_SCRIPT_SANDBOXING = YES;
				GCC_C_LANGUAGE_STANDARD = gnu17;
				GCC_DYNAMIC_NO_PIC = NO;
				GCC_NO_COMMON_BLOCKS = YES;
				GCC_OPTIMIZATION_LEVEL = 0;
				GCC_PREPROCESSOR_DEFINITIONS = (
					"DEBUG=1",
					"$(inherited)",
				);
				GCC_WARN_64_TO_32_BIT_CONVERSION = YES;
				GCC_WARN_ABOUT_RETURN_TYPE = YES_ERROR;
				GCC_WARN_UNDECLARED_SELECTOR = YES;
				GCC_WARN_UNINITIALIZED_AUTOS = YES_AGGRESSIVE;
				GCC_WARN_UNUSED_FUNCTION = YES;
				GCC_WARN_UNUSED_VARIABLE = YES;
				IPHONEOS_DEPLOYMENT_TARGET = 15.0;
				LOCALIZATION_PREFERS_STRING_CATALOGS = YES;
				MTL_ENABLE_DEBUG_INFO = INCLUDE_SOURCE;
				MTL_FAST_MATH = YES;
				ONLY_ACTIVE_ARCH = YES;
				SDKROOT = iphoneos;
				SWIFT_ACTIVE_COMPILATION_CONDITIONS = "DEBUG $(inherited)";
				SWIFT_OPTIMIZATION_LEVEL = "-Onone";
			};
			name = Debug;
		};
		AB24878D2BCA0E8F005A812C /* Release */ = {
			isa = XCBuildConfiguration;
			buildSettings = {
				ALWAYS_SEARCH_USER_PATHS = NO;
				ASSETCATALOG_COMPILER_GENERATE_SWIFT_ASSET_SYMBOL_EXTENSIONS = YES;
				CLANG_ANALYZER_NONNULL = YES;
				CLANG_ANALYZER_NUMBER_OBJECT_CONVERSION = YES_AGGRESSIVE;
				CLANG_CXX_LANGUAGE_STANDARD = "gnu++20";
				CLANG_ENABLE_MODULES = YES;
				CLANG_ENABLE_OBJC_ARC = YES;
				CLANG_ENABLE_OBJC_WEAK = YES;
				CLANG_WARN_BLOCK_CAPTURE_AUTORELEASING = YES;
				CLANG_WARN_BOOL_CONVERSION = YES;
				CLANG_WARN_COMMA = YES;
				CLANG_WARN_CONSTANT_CONVERSION = YES;
				CLANG_WARN_DEPRECATED_OBJC_IMPLEMENTATIONS = YES;
				CLANG_WARN_DIRECT_OBJC_ISA_USAGE = YES_ERROR;
				CLANG_WARN_DOCUMENTATION_COMMENTS = YES;
				CLANG_WARN_EMPTY_BODY = YES;
				CLANG_WARN_ENUM_CONVERSION = YES;
				CLANG_WARN_INFINITE_RECURSION = YES;
				CLANG_WARN_INT_CONVERSION = YES;
				CLANG_WARN_NON_LITERAL_NULL_CONVERSION = YES;
				CLANG_WARN_OBJC_IMPLICIT_RETAIN_SELF = YES;
				CLANG_WARN_OBJC_LITERAL_CONVERSION = YES;
				CLANG_WARN_OBJC_ROOT_CLASS = YES_ERROR;
				CLANG_WARN_QUOTED_INCLUDE_IN_FRAMEWORK_HEADER = YES;
				CLANG_WARN_RANGE_LOOP_ANALYSIS = YES;
				CLANG_WARN_STRICT_PROTOTYPES = YES;
				CLANG_WARN_SUSPICIOUS_MOVE = YES;
				CLANG_WARN_UNGUARDED_AVAILABILITY = YES_AGGRESSIVE;
				CLANG_WARN_UNREACHABLE_CODE = YES;
				CLANG_WARN__DUPLICATE_METHOD_MATCH = YES;
				COPY_PHASE_STRIP = NO;
				DEBUG_INFORMATION_FORMAT = "dwarf-with-dsym";
				ENABLE_NS_ASSERTIONS = NO;
				ENABLE_STRICT_OBJC_MSGSEND = YES;
				ENABLE_USER_SCRIPT_SANDBOXING = YES;
				GCC_C_LANGUAGE_STANDARD = gnu17;
				GCC_NO_COMMON_BLOCKS = YES;
				GCC_WARN_64_TO_32_BIT_CONVERSION = YES;
				GCC_WARN_ABOUT_RETURN_TYPE = YES_ERROR;
				GCC_WARN_UNDECLARED_SELECTOR = YES;
				GCC_WARN_UNINITIALIZED_AUTOS = YES_AGGRESSIVE;
				GCC_WARN_UNUSED_FUNCTION = YES;
				GCC_WARN_UNUSED_VARIABLE = YES;
				IPHONEOS_DEPLOYMENT_TARGET = 15.0;
				LOCALIZATION_PREFERS_STRING_CATALOGS = YES;
				MTL_ENABLE_DEBUG_INFO = NO;
				MTL_FAST_MATH = YES;
				SDKROOT = iphoneos;
				SWIFT_COMPILATION_MODE = wholemodule;
				VALIDATE_PRODUCT = YES;
			};
			name = Release;
		};
		AB24878F2BCA0E8F005A812C /* Debug */ = {
			isa = XCBuildConfiguration;
			buildSettings = {
				ALWAYS_EMBED_SWIFT_STANDARD_LIBRARIES = YES;
				ASSETCATALOG_COMPILER_APPICON_NAME = AppIcon;
				ASSETCATALOG_COMPILER_GLOBAL_ACCENT_COLOR_NAME = AccentColor;
				CODE_SIGN_STYLE = Automatic;
				CURRENT_PROJECT_VERSION = 1;
				DEVELOPMENT_ASSET_PATHS = "\"Luckey202404/Preview Content\"";
				DEVELOPMENT_TEAM = AB9N6M8P76;
				ENABLE_PREVIEWS = YES;
				GENERATE_INFOPLIST_FILE = YES;
				INFOPLIST_KEY_UIApplicationSceneManifest_Generation = YES;
				INFOPLIST_KEY_UIApplicationSupportsIndirectInputEvents = YES;
				INFOPLIST_KEY_UILaunchScreen_Generation = YES;
				INFOPLIST_KEY_UISupportedInterfaceOrientations_iPad = "UIInterfaceOrientationPortrait UIInterfaceOrientationPortraitUpsideDown UIInterfaceOrientationLandscapeLeft UIInterfaceOrientationLandscapeRight";
				INFOPLIST_KEY_UISupportedInterfaceOrientations_iPhone = "UIInterfaceOrientationPortrait UIInterfaceOrientationLandscapeLeft UIInterfaceOrientationLandscapeRight";
				LD_RUNPATH_SEARCH_PATHS = (
					"$(inherited)",
					"@executable_path/Frameworks",
				);
				MARKETING_VERSION = 1.0;
				PRODUCT_BUNDLE_IDENTIFIER = com.github.dongyuwei.Luckey202404;
				PRODUCT_NAME = "$(TARGET_NAME)";
				SWIFT_EMIT_LOC_STRINGS = YES;
				SWIFT_VERSION = 5.0;
				TARGETED_DEVICE_FAMILY = "1,2";
			};
			name = Debug;
		};
		AB2487902BCA0E8F005A812C /* Release */ = {
			isa = XCBuildConfiguration;
			buildSettings = {
				ALWAYS_EMBED_SWIFT_STANDARD_LIBRARIES = YES;
				ASSETCATALOG_COMPILER_APPICON_NAME = AppIcon;
				ASSETCATALOG_COMPILER_GLOBAL_ACCENT_COLOR_NAME = AccentColor;
				CODE_SIGN_STYLE = Automatic;
				CURRENT_PROJECT_VERSION = 1;
				DEVELOPMENT_ASSET_PATHS = "\"Luckey202404/Preview Content\"";
				DEVELOPMENT_TEAM = AB9N6M8P76;
				ENABLE_PREVIEWS = YES;
				GENERATE_INFOPLIST_FILE = YES;
				INFOPLIST_KEY_UIApplicationSceneManifest_Generation = YES;
				INFOPLIST_KEY_UIApplicationSupportsIndirectInputEvents = YES;
				INFOPLIST_KEY_UILaunchScreen_Generation = YES;
				INFOPLIST_KEY_UISupportedInterfaceOrientations_iPad = "UIInterfaceOrientationPortrait UIInterfaceOrientationPortraitUpsideDown UIInterfaceOrientationLandscapeLeft UIInterfaceOrientationLandscapeRight";
				INFOPLIST_KEY_UISupportedInterfaceOrientations_iPhone = "UIInterfaceOrientationPortrait UIInterfaceOrientationLandscapeLeft UIInterfaceOrientationLandscapeRight";
				LD_RUNPATH_SEARCH_PATHS = (
					"$(inherited)",
					"@executable_path/Frameworks",
				);
				MARKETING_VERSION = 1.0;
				PRODUCT_BUNDLE_IDENTIFIER = com.github.dongyuwei.Luckey202404;
				PRODUCT_NAME = "$(TARGET_NAME)";
				SWIFT_EMIT_LOC_STRINGS = YES;
				SWIFT_VERSION = 5.0;
				TARGETED_DEVICE_FAMILY = "1,2";
			};
			name = Release;
		};
		AB2487922BCA0E8F005A812C /* Debug */ = {
			isa = XCBuildConfiguration;
			buildSettings = {
				ALWAYS_EMBED_SWIFT_STANDARD_LIBRARIES = YES;
				BUNDLE_LOADER = "$(TEST_HOST)";
				CODE_SIGN_STYLE = Automatic;
				CURRENT_PROJECT_VERSION = 1;
				DEVELOPMENT_TEAM = AB9N6M8P76;
				GENERATE_INFOPLIST_FILE = YES;
				IPHONEOS_DEPLOYMENT_TARGET = 17.4;
				MARKETING_VERSION = 1.0;
				PRODUCT_BUNDLE_IDENTIFIER = com.github.dongyuwei.Luckey202404Tests;
				PRODUCT_NAME = "$(TARGET_NAME)";
				SWIFT_EMIT_LOC_STRINGS = NO;
				SWIFT_VERSION = 5.0;
				TARGETED_DEVICE_FAMILY = "1,2";
				TEST_HOST = "$(BUILT_PRODUCTS_DIR)/Luckey202404.app/$(BUNDLE_EXECUTABLE_FOLDER_PATH)/Luckey202404";
			};
			name = Debug;
		};
		AB2487932BCA0E8F005A812C /* Release */ = {
			isa = XCBuildConfiguration;
			buildSettings = {
				ALWAYS_EMBED_SWIFT_STANDARD_LIBRARIES = YES;
				BUNDLE_LOADER = "$(TEST_HOST)";
				CODE_SIGN_STYLE = Automatic;
				CURRENT_PROJECT_VERSION = 1;
				DEVELOPMENT_TEAM = AB9N6M8P76;
				GENERATE_INFOPLIST_FILE = YES;
				IPHONEOS_DEPLOYMENT_TARGET = 17.4;
				MARKETING_VERSION = 1.0;
				PRODUCT_BUNDLE_IDENTIFIER = com.github.dongyuwei.Luckey202404Tests;
				PRODUCT_NAME = "$(TARGET_NAME)";
				SWIFT_EMIT_LOC_STRINGS = NO;
				SWIFT_VERSION = 5.0;
				TARGETED_DEVICE_FAMILY = "1,2";
				TEST_HOST = "$(BUILT_PRODUCTS_DIR)/Luckey202404.app/$(BUNDLE_EXECUTABLE_FOLDER_PATH)/Luckey202404";
			};
			name = Release;
		};
		AB2487952BCA0E8F005A812C /* Debug */ = {
			isa = XCBuildConfiguration;
			buildSettings = {
				ALWAYS_EMBED_SWIFT_STANDARD_LIBRARIES = YES;
				CODE_SIGN_STYLE = Automatic;
				CURRENT_PROJECT_VERSION = 1;
				DEVELOPMENT_TEAM = AB9N6M8P76;
				GENERATE_INFOPLIST_FILE = YES;
				MARKETING_VERSION = 1.0;
				PRODUCT_BUNDLE_IDENTIFIER = com.github.dongyuwei.Luckey202404UITests;
				PRODUCT_NAME = "$(TARGET_NAME)";
				SWIFT_EMIT_LOC_STRINGS = NO;
				SWIFT_VERSION = 5.0;
				TARGETED_DEVICE_FAMILY = "1,2";
				TEST_TARGET_NAME = Luckey202404;
			};
			name = Debug;
		};
		AB2487962BCA0E8F005A812C /* Release */ = {
			isa = XCBuildConfiguration;
			buildSettings = {
				ALWAYS_EMBED_SWIFT_STANDARD_LIBRARIES = YES;
				CODE_SIGN_STYLE = Automatic;
				CURRENT_PROJECT_VERSION = 1;
				DEVELOPMENT_TEAM = AB9N6M8P76;
				GENERATE_INFOPLIST_FILE = YES;
				MARKETING_VERSION = 1.0;
				PRODUCT_BUNDLE_IDENTIFIER = com.github.dongyuwei.Luckey202404UITests;
				PRODUCT_NAME = "$(TARGET_NAME)";
				SWIFT_EMIT_LOC_STRINGS = NO;
				SWIFT_VERSION = 5.0;
				TARGETED_DEVICE_FAMILY = "1,2";
				TEST_TARGET_NAME = Luckey202404;
			};
			name = Release;
		};
		AB2487A42BCA0F09005A812C /* Debug */ = {
			isa = XCBuildConfiguration;
			buildSettings = {
				CODE_SIGN_STYLE = Automatic;
				CURRENT_PROJECT_VERSION = 1;
				DEVELOPMENT_TEAM = AB9N6M8P76;
				GENERATE_INFOPLIST_FILE = YES;
				INFOPLIST_FILE = Luckey/Info.plist;
				INFOPLIST_KEY_CFBundleDisplayName = Luckey;
				INFOPLIST_KEY_NSHumanReadableCopyright = "";
				IPHONEOS_DEPLOYMENT_TARGET = 15.0;
				LD_RUNPATH_SEARCH_PATHS = (
					"$(inherited)",
					"@executable_path/Frameworks",
					"@executable_path/../../Frameworks",
				);
				MARKETING_VERSION = 1.0;
				PRODUCT_BUNDLE_IDENTIFIER = com.github.dongyuwei.Luckey202404.Luckey;
				PRODUCT_NAME = "$(TARGET_NAME)";
				SKIP_INSTALL = YES;
				SWIFT_EMIT_LOC_STRINGS = YES;
				SWIFT_VERSION = 5.0;
				TARGETED_DEVICE_FAMILY = "1,2";
			};
			name = Debug;
		};
		AB2487A52BCA0F09005A812C /* Release */ = {
			isa = XCBuildConfiguration;
			buildSettings = {
				CODE_SIGN_STYLE = Automatic;
				CURRENT_PROJECT_VERSION = 1;
				DEVELOPMENT_TEAM = AB9N6M8P76;
				GENERATE_INFOPLIST_FILE = YES;
				INFOPLIST_FILE = Luckey/Info.plist;
				INFOPLIST_KEY_CFBundleDisplayName = Luckey;
				INFOPLIST_KEY_NSHumanReadableCopyright = "";
				IPHONEOS_DEPLOYMENT_TARGET = 15.0;
				LD_RUNPATH_SEARCH_PATHS = (
					"$(inherited)",
					"@executable_path/Frameworks",
					"@executable_path/../../Frameworks",
				);
				MARKETING_VERSION = 1.0;
				PRODUCT_BUNDLE_IDENTIFIER = com.github.dongyuwei.Luckey202404.Luckey;
				PRODUCT_NAME = "$(TARGET_NAME)";
				SKIP_INSTALL = YES;
				SWIFT_EMIT_LOC_STRINGS = YES;
				SWIFT_VERSION = 5.0;
				TARGETED_DEVICE_FAMILY = "1,2";
			};
			name = Release;
		};
/* End XCBuildConfiguration section */

/* Begin XCConfigurationList section */
		AB2487652BCA0E8E005A812C /* Build configuration list for PBXProject "Luckey202404" */ = {
			isa = XCConfigurationList;
			buildConfigurations = (
				AB24878C2BCA0E8F005A812C /* Debug */,
				AB24878D2BCA0E8F005A812C /* Release */,
			);
			defaultConfigurationIsVisible = 0;
			defaultConfigurationName = Release;
		};
		AB24878E2BCA0E8F005A812C /* Build configuration list for PBXNativeTarget "Luckey202404" */ = {
			isa = XCConfigurationList;
			buildConfigurations = (
				AB24878F2BCA0E8F005A812C /* Debug */,
				AB2487902BCA0E8F005A812C /* Release */,
			);
			defaultConfigurationIsVisible = 0;
			defaultConfigurationName = Release;
		};
		AB2487912BCA0E8F005A812C /* Build configuration list for PBXNativeTarget "Luckey202404Tests" */ = {
			isa = XCConfigurationList;
			buildConfigurations = (
				AB2487922BCA0E8F005A812C /* Debug */,
				AB2487932BCA0E8F005A812C /* Release */,
			);
			defaultConfigurationIsVisible = 0;
			defaultConfigurationName = Release;
		};
		AB2487942BCA0E8F005A812C /* Build configuration list for PBXNativeTarget "Luckey202404UITests" */ = {
			isa = XCConfigurationList;
			buildConfigurations = (
				AB2487952BCA0E8F005A812C /* Debug */,
				AB2487962BCA0E8F005A812C /* Release */,
			);
			defaultConfigurationIsVisible = 0;
			defaultConfigurationName = Release;
		};
		AB2487A32BCA0F09005A812C /* Build configuration list for PBXNativeTarget "Luckey" */ = {
			isa = XCConfigurationList;
			buildConfigurations = (
				AB2487A42BCA0F09005A812C /* Debug */,
				AB2487A52BCA0F09005A812C /* Release */,
			);
			defaultConfigurationIsVisible = 0;
			defaultConfigurationName = Release;
		};
/* End XCConfigurationList section */

/* Begin XCLocalSwiftPackageReference section */
		AB16E3442BCAC4020019D04E /* XCLocalSwiftPackageReference "SimpleKeyboard" */ = {
			isa = XCLocalSwiftPackageReference;
			relativePath = SimpleKeyboard;
		};
/* End XCLocalSwiftPackageReference section */

/* Begin XCRemoteSwiftPackageReference section */
		AB2487AC2BCAA53E005A812C /* XCRemoteSwiftPackageReference "GRDB.swift" */ = {
			isa = XCRemoteSwiftPackageReference;
			repositoryURL = "https://github.com/groue/GRDB.swift.git";
			requirement = {
				branch = master;
				kind = branch;
			};
		};
/* End XCRemoteSwiftPackageReference section */

/* Begin XCSwiftPackageProductDependency section */
		AB16E3452BCAC4020019D04E /* SimpleKeyboard */ = {
			isa = XCSwiftPackageProductDependency;
			productName = SimpleKeyboard;
		};
		AB2487AD2BCAA53E005A812C /* GRDB */ = {
			isa = XCSwiftPackageProductDependency;
			package = AB2487AC2BCAA53E005A812C /* XCRemoteSwiftPackageReference "GRDB.swift" */;
			productName = GRDB;
		};
/* End XCSwiftPackageProductDependency section */
	};
	rootObject = AB2487622BCA0E8E005A812C /* Project object */;
}
